<?xml version="1.0" encoding="utf-8"?>
<Project ToolsVersion="4.0" xmlns="http://schemas.microsoft.com/developer/msbuild/2003">
  <ItemGroup>
    <Filter Include="Source Files">
      <UniqueIdentifier>{4FC737F1-C7A5-4376-A066-2A32D752A2FF}</UniqueIdentifier>
      <Extensions>cpp;c;cc;cxx;def;odl;idl;hpj;bat;asm;asmx</Extensions>
    </Filter>
    <Filter Include="Header Files">
      <UniqueIdentifier>{93995380-89BD-4b04-88EB-625FBE52EBFB}</UniqueIdentifier>
      <Extensions>h;hpp;hxx;hm;inl;inc;xsd</Extensions>
    </Filter>
    <Filter Include="Resource Files">
      <UniqueIdentifier>{67DA6AB6-F800-4c08-8B7A-83BB121AAD01}</UniqueIdentifier>
      <Extensions>rc;ico;cur;bmp;dlg;rc2;rct;bin;rgs;gif;jpg;jpeg;jpe;resx;tiff;tif;png;wav;mfcribbon-ms</Extensions>
    </Filter>
  </ItemGroup>
  <ItemGroup>
    <ClCompile Include="CAnimator.cpp">
      <Filter>Source Files</Filter>
    </ClCompile>
    <ClCompile Include="CEnemy.cpp">
      <Filter>Source Files</Filter>
    </ClCompile>
    <ClCompile Include="CEnemyBlinky.cpp">
      <Filter>Source Files</Filter>
    </ClCompile>
    <ClCompile Include="CEnemyClyde.cpp">
      <Filter>Source Files</Filter>
    </ClCompile>
    <ClCompile Include="CEnemyInky.cpp">
      <Filter>Source Files</Filter>
    </ClCompile>
    <ClCompile Include="CEnemyPinky.cpp">
      <Filter>Source Files</Filter>
    </ClCompile>
    <ClCompile Include="CEntity.cpp">
      <Filter>Source Files</Filter>
    </ClCompile>
    <ClCompile Include="CLoop.cpp">
      <Filter>Source Files</Filter>
    </ClCompile>
    <ClCompile Include="CMap.cpp">
      <Filter>Source Files</Filter>
    </ClCompile>
    <ClCompile Include="CPlayer.cpp">
      <Filter>Source Files</Filter>
    </ClCompile>
    <ClCompile Include="CSprite.cpp">
      <Filter>Source Files</Filter>
    </ClCompile>
    <ClCompile Include="CText.cpp">
      <Filter>Source Files</Filter>
    </ClCompile>
    <ClCompile Include="CTimer.cpp">
      <Filter>Source Files</Filter>
    </ClCompile>
    <ClCompile Include="winmain.cpp">
      <Filter>Source Files</Filter>
    </ClCompile>
  </ItemGroup>
  <ItemGroup>
    <ClInclude Include="CAnimator.h">
      <Filter>Header Files</Filter>
    </ClInclude>
    <ClInclude Include="CEnemy.h">
      <Filter>Header Files</Filter>
    </ClInclude>
    <ClInclude Include="CEnemyBlinky.h">
      <Filter>Header Files</Filter>
    </ClInclude>
    <ClInclude Include="CEnemyClyde.h">
      <Filter>Header Files</Filter>
    </ClInclude>
    <ClInclude Include="CEnemyInky.h">
      <Filter>Header Files</Filter>
    </ClInclude>
    <ClInclude Include="CEnemyPinky.h">
      <Filter>Header Files</Filter>
    </ClInclude>
    <ClInclude Include="CEntity.h">
      <Filter>Header Files</Filter>
    </ClInclude>
    <ClInclude Include="CLoop.h">
      <Filter>Header Files</Filter>
    </ClInclude>
    <ClInclude Include="CMap.h">
      <Filter>Header Files</Filter>
    </ClInclude>
    <ClInclude Include="CPlayer.h">
      <Filter>Header Files</Filter>
    </ClInclude>
    <ClInclude Include="CSprite.h">
      <Filter>Header Files</Filter>
    </ClInclude>
    <ClInclude Include="CText.h">
      <Filter>Header Files</Filter>
    </ClInclude>
    <ClInclude Include="CTimer.h">
      <Filter>Header Files</Filter>
    </ClInclude>
  </ItemGroup>
  <ItemGroup>
    <Image Include="Resources\background.png">
      <Filter>Resource Files</Filter>
    </Image>
    <Image Include="Resources\blinky_d1.png">
      <Filter>Resource Files</Filter>
    </Image>
    <Image Include="Resources\blinky_d2.png">
      <Filter>Resource Files</Filter>
    </Image>
    <Image Include="Resources\blinky_l1.png">
      <Filter>Resource Files</Filter>
    </Image>
    <Image Include="Resources\blinky_l2.png">
      <Filter>Resource Files</Filter>
    </Image>
    <Image Include="Resources\blinky_r1.png">
      <Filter>Resource Files</Filter>
    </Image>
    <Image Include="Resources\blinky_r2.png">
      <Filter>Resource Files</Filter>
    </Image>
    <Image Include="Resources\blinky_u1.png">
      <Filter>Resource Files</Filter>
    </Image>
    <Image Include="Resources\blinky_u2.png">
      <Filter>Resource Files</Filter>
    </Image>
    <Image Include="Resources\cherry.png">
      <Filter>Resource Files</Filter>
    </Image>
    <Image Include="Resources\clyde_d1.png">
      <Filter>Resource Files</Filter>
    </Image>
    <Image Include="Resources\clyde_d2.png">
      <Filter>Resource Files</Filter>
    </Image>
    <Image Include="Resources\clyde_l1.png">
      <Filter>Resource Files</Filter>
    </Image>
    <Image Include="Resources\clyde_l2.png">
      <Filter>Resource Files</Filter>
    </Image>
    <Image Include="Resources\clyde_r1.png">
      <Filter>Resource Files</Filter>
    </Image>
    <Image Include="Resources\clyde_r2.png">
      <Filter>Resource Files</Filter>
    </Image>
    <Image Include="Resources\clyde_u1.png">
      <Filter>Resource Files</Filter>
    </Image>
    <Image Include="Resources\clyde_u2.png">
      <Filter>Resource Files</Filter>
    </Image>
    <Image Include="Resources\dot.png">
      <Filter>Resource Files</Filter>
    </Image>
    <Image Include="Resources\energizer.png">
      <Filter>Resource Files</Filter>
    </Image>
    <Image Include="Resources\eyes_d.png">
      <Filter>Resource Files</Filter>
    </Image>
    <Image Include="Resources\eyes_l.png">
      <Filter>Resource Files</Filter>
    </Image>
    <Image Include="Resources\eyes_r.png">
      <Filter>Resource Files</Filter>
    </Image>
    <Image Include="Resources\eyes_u.png">
      <Filter>Resource Files</Filter>
    </Image>
    <Image Include="Resources\fright1.png">
      <Filter>Resource Files</Filter>
    </Image>
    <Image Include="Resources\fright2.png">
      <Filter>Resource Files</Filter>
    </Image>
    <Image Include="Resources\inky_d1.png">
      <Filter>Resource Files</Filter>
    </Image>
    <Image Include="Resources\inky_d2.png">
      <Filter>Resource Files</Filter>
    </Image>
    <Image Include="Resources\inky_l1.png">
      <Filter>Resource Files</Filter>
    </Image>
    <Image Include="Resources\inky_l2.png">
      <Filter>Resource Files</Filter>
    </Image>
    <Image Include="Resources\inky_r1.png">
      <Filter>Resource Files</Filter>
    </Image>
    <Image Include="Resources\inky_r2.png">
      <Filter>Resource Files</Filter>
    </Image>
    <Image Include="Resources\inky_u1.png">
      <Filter>Resource Files</Filter>
    </Image>
    <Image Include="Resources\inky_u2.png">
      <Filter>Resource Files</Filter>
    </Image>
    <Image Include="Resources\pinky_d1.png">
      <Filter>Resource Files</Filter>
    </Image>
    <Image Include="Resources\pinky_d2.png">
      <Filter>Resource Files</Filter>
    </Image>
    <Image Include="Resources\pinky_l1.png">
      <Filter>Resource Files</Filter>
    </Image>
    <Image Include="Resources\pinky_l2.png">
      <Filter>Resource Files</Filter>
    </Image>
    <Image Include="Resources\pinky_r1.png">
      <Filter>Resource Files</Filter>
    </Image>
    <Image Include="Resources\pinky_r2.png">
      <Filter>Resource Files</Filter>
    </Image>
    <Image Include="Resources\pinky_u1.png">
      <Filter>Resource Files</Filter>
    </Image>
    <Image Include="Resources\pinky_u2.png">
      <Filter>Resource Files</Filter>
    </Image>
    <Image Include="Resources\pm.png">
      <Filter>Resource Files</Filter>
    </Image>
    <Image Include="Resources\pmd1.png">
      <Filter>Resource Files</Filter>
    </Image>
    <Image Include="Resources\pmd2.png">
      <Filter>Resource Files</Filter>
    </Image>
    <Image Include="Resources\pml1.png">
      <Filter>Resource Files</Filter>
    </Image>
    <Image Include="Resources\pml2.png">
      <Filter>Resource Files</Filter>
    </Image>
    <Image Include="Resources\pmr1.png">
      <Filter>Resource Files</Filter>
    </Image>
    <Image Include="Resources\pmr2.png">
      <Filter>Resource Files</Filter>
    </Image>
    <Image Include="Resources\pmu1.png">
      <Filter>Resource Files</Filter>
    </Image>
    <Image Include="Resources\pmu2.png">
      <Filter>Resource Files</Filter>
    </Image>
  </ItemGroup>
  <ItemGroup>
    <Font Include="Resources\Arial.ttf">
      <Filter>Resource Files</Filter>
    </Font>
  </ItemGroup>
</Project>